
Microsoft Visual Studio Solution File, Format Version 12.00
Project("{FAE04EC0-301F-11D3-BF4B-00C04F79EFBC}") = "Urok_004", "Urok_004\Urok_004.csproj", "{CC791905-5BAB-49EF-971B-101172633ED2}"
EndProject
Global
	GlobalSection(SolutionConfigurationPlatforms) = preSolution
		Debug|Any CPU = Debug|Any CPU
		Release|Any CPU = Release|Any CPU
	EndGlobalSection
	GlobalSection(ProjectConfigurationPlatforms) = postSolution
		{CC791905-5BAB-49EF-971B-101172633ED2}.Debug|Any CPU.ActiveCfg = Debug|Any CPU
		{CC791905-5BAB-49EF-971B-101172633ED2}.Debug|Any CPU.Build.0 = Debug|Any CPU
		{CC791905-5BAB-49EF-971B-101172633ED2}.Release|Any CPU.ActiveCfg = Release|Any CPU
		{CC791905-5BAB-49EF-971B-101172633ED2}.Release|Any CPU.Build.0 = Release|Any CPU
	EndGlobalSection
EndGlobal
